PODS:
  - AlipaySDK-iOS (15.5.9)
  - city_pickers (0.0.1):
    - Flutter
  - device_info (0.0.1):
    - Flutter
  - fake_alipay (0.0.1):
    - AlipaySDK-iOS (~> 15.5.5)
    - Flutter
  - Flutter (1.0.0)
  - flutter_downloader (0.0.1):
    - Flutter
  - flutter_statusbarcolor (0.0.1):
    - Flutter
  - fluttertoast (0.0.2):
    - Flutter
  - fluwx (0.0.1):
    - Flutter
  - FMDB (2.7.5):
    - FMDB/standard (= 2.7.5)
  - FMDB/standard (2.7.5)
  - image_cropper (0.0.1):
    - Flutter
    - TOCropViewController (~> 2.5.0)
  - image_picker (0.0.1):
    - Flutter
  - image_picker_saver (0.0.1):
    - Flutter
  - janalytics (0.0.1):
    - Flutter
    - JAnalytics
  - JAnalytics (2.1.0):
    - JCore (< 3.0.0, >= 1.2.0)
  - JCore (2.1.1)
  - JPush (3.2.2):
    - JCore (< 3.0.0, >= 2.0.0)
  - jpush_flutter (0.0.2):
    - Flutter
    - JPush
  - keyboard_visibility (0.5.0):
    - Flutter
    - Reachability
  - package_info (0.0.1):
    - Flutter
  - path_provider (0.0.1):
    - Flutter
  - permission_handler (3.2.2):
    - Flutter
  - Reachability (3.2)
  - shared_preferences (0.0.1):
    - Flutter
  - sqflite (0.0.1):
    - Flutter
    - FMDB (~> 2.7.2)
  - TOCropViewController (2.5.1)
  - url_launcher (0.0.1):
    - Flutter
  - webview_flutter (0.0.1):
    - Flutter

DEPENDENCIES:
  - city_pickers (from `.symlinks/plugins/city_pickers/ios`)
  - device_info (from `.symlinks/plugins/device_info/ios`)
  - fake_alipay (from `.symlinks/plugins/fake_alipay/ios`)
  - Flutter (from `.symlinks/flutter/ios`)
  - flutter_downloader (from `.symlinks/plugins/flutter_downloader/ios`)
  - flutter_statusbarcolor (from `.symlinks/plugins/flutter_statusbarcolor/ios`)
  - fluttertoast (from `.symlinks/plugins/fluttertoast/ios`)
  - fluwx (from `.symlinks/plugins/fluwx/ios`)
  - image_cropper (from `.symlinks/plugins/image_cropper/ios`)
  - image_picker (from `.symlinks/plugins/image_picker/ios`)
  - image_picker_saver (from `.symlinks/plugins/image_picker_saver/ios`)
  - janalytics (from `.symlinks/plugins/janalytics/ios`)
  - jpush_flutter (from `.symlinks/plugins/jpush_flutter/ios`)
  - keyboard_visibility (from `.symlinks/plugins/keyboard_visibility/ios`)
  - package_info (from `.symlinks/plugins/package_info/ios`)
  - path_provider (from `.symlinks/plugins/path_provider/ios`)
  - permission_handler (from `.symlinks/plugins/permission_handler/ios`)
  - shared_preferences (from `.symlinks/plugins/shared_preferences/ios`)
  - sqflite (from `.symlinks/plugins/sqflite/ios`)
  - url_launcher (from `.symlinks/plugins/url_launcher/ios`)
  - webview_flutter (from `.symlinks/plugins/webview_flutter/ios`)

SPEC REPOS:
  https://github.com/cocoapods/specs.git:
    - AlipaySDK-iOS
    - FMDB
    - JAnalytics
    - JCore
    - JPush
    - Reachability
    - TOCropViewController

EXTERNAL SOURCES:
  city_pickers:
    :path: ".symlinks/plugins/city_pickers/ios"
  device_info:
    :path: ".symlinks/plugins/device_info/ios"
  fake_alipay:
    :path: ".symlinks/plugins/fake_alipay/ios"
  Flutter:
    :path: ".symlinks/flutter/ios"
  flutter_downloader:
    :path: ".symlinks/plugins/flutter_downloader/ios"
  flutter_statusbarcolor:
    :path: ".symlinks/plugins/flutter_statusbarcolor/ios"
  fluttertoast:
    :path: ".symlinks/plugins/fluttertoast/ios"
  fluwx:
    :path: ".symlinks/plugins/fluwx/ios"
  image_cropper:
    :path: ".symlinks/plugins/image_cropper/ios"
  image_picker:
    :path: ".symlinks/plugins/image_picker/ios"
  image_picker_saver:
    :path: ".symlinks/plugins/image_picker_saver/ios"
  janalytics:
    :path: ".symlinks/plugins/janalytics/ios"
  jpush_flutter:
    :path: ".symlinks/plugins/jpush_flutter/ios"
  keyboard_visibility:
    :path: ".symlinks/plugins/keyboard_visibility/ios"
  package_info:
    :path: ".symlinks/plugins/package_info/ios"
  path_provider:
    :path: ".symlinks/plugins/path_provider/ios"
  permission_handler:
    :path: ".symlinks/plugins/permission_handler/ios"
  shared_preferences:
    :path: ".symlinks/plugins/shared_preferences/ios"
  sqflite:
    :path: ".symlinks/plugins/sqflite/ios"
  url_launcher:
    :path: ".symlinks/plugins/url_launcher/ios"
  webview_flutter:
    :path: ".symlinks/plugins/webview_flutter/ios"

SPEC CHECKSUMS:
  AlipaySDK-iOS: 1c5283b30977a24acecc0114662697f7dc78f618
  city_pickers: b0370f4c35c201723b5b7fcce10ec29b59d5bc35
  device_info: 3ebad48f726348f69abd802f3334a8d1ed795fbd
  fake_alipay: ee8883cc6c794db2b38b53cb05840368085d1e63
  Flutter: 58dd7d1b27887414a370fcccb9e645c08ffd7a6a
  flutter_downloader: 058b9c41564a90500f67f3e432e3524613a7fd83
  flutter_statusbarcolor: 8afb1071ed8c58be929f1e32b36c629771fd2259
  fluttertoast: b644586ef3b16f67fae9a1f8754cef6b2d6b634b
  fluwx: 19524c5e4c9c539a646407259139c9c1e4eaf9e5
  FMDB: 2ce00b547f966261cd18927a3ddb07cb6f3db82a
  image_cropper: f25bdfbf1ef970c9a0a0f78306fb6a0aaac7229e
  image_picker: 16e5fec1fbc87fd3b297c53e4048521eaf17cd06
  image_picker_saver: 4f28bd70e1efdca68ad88beab0f11d22cffe04f6
  JAnalytics: 3ae37a36b02cd06543c4d5a008a37470f577ec50
  janalytics: 7d0b5205a066d542772d544ce560e4490caaf510
  JCore: 4072327557f0b83cc22dd4041f2f839740c0077b
  JPush: 0e9088c85c73275629facc311fe5992dfac36eeb
  jpush_flutter: d7e3a79466eb9447fd940233f02661b514f137c6
  keyboard_visibility: 96a24de806fe6823c3ad956c01ba2ec6d056616f
  package_info: 78cabb3c322943c55d39676f4a5bfc748c01d055
  path_provider: f96fff6166a8867510d2c25fdcc346327cc4b259
  permission_handler: d59f41439f5bc6c4d1005f3355e98f05ddc68ece
  Reachability: 33e18b67625424e47b6cde6d202dce689ad7af96
  shared_preferences: 1feebfa37bb57264736e16865e7ffae7fc99b523
  sqflite: ff1d9da63c06588cc8d1faf7256d741f16989d5a
  TOCropViewController: 00dc36c4e4a0f4a45efa91adbf22df8a4fae01d3
  url_launcher: 0067ddb8f10d36786672aa0722a21717dba3a298
  webview_flutter: 1aa7604e6cdb451a9b7ed2c37d5454c0b440246b

PODFILE CHECKSUM: 3389836f37640698630b8f0670315d626d5f1469

COCOAPODS: 1.7.5
